
Microsoft Visual Studio Solution File, Format Version 12.00
# Visual Studio Version 17
VisualStudioVersion = 17.9.34728.123
MinimumVisualStudioVersion = 10.0.40219.1
Project("{FAE04EC0-301F-11D3-BF4B-00C04F79EFBC}") = "Project.FIAP.TechChallenge", "Project.FIAP.TechChallenge\Project.FIAP.TechChallenge.csproj", "{F95A7A8C-5817-4ADE-A895-F92A294AC609}"
EndProject
Global
	GlobalSection(SolutionConfigurationPlatforms) = preSolution
		Debug|Any CPU = Debug|Any CPU
		Release|Any CPU = Release|Any CPU
	EndGlobalSection
	GlobalSection(ProjectConfigurationPlatforms) = postSolution
		{F95A7A8C-5817-4ADE-A895-F92A294AC609}.Debug|Any CPU.ActiveCfg = Debug|Any CPU
		{F95A7A8C-5817-4ADE-A895-F92A294AC609}.Debug|Any CPU.Build.0 = Debug|Any CPU
		{F95A7A8C-5817-4ADE-A895-F92A294AC609}.Release|Any CPU.ActiveCfg = Release|Any CPU
		{F95A7A8C-5817-4ADE-A895-F92A294AC609}.Release|Any CPU.Build.0 = Release|Any CPU
	EndGlobalSection
	GlobalSection(SolutionProperties) = preSolution
		HideSolutionNode = FALSE
	EndGlobalSection
	GlobalSection(ExtensibilityGlobals) = postSolution
		SolutionGuid = {AAFBDBBE-9DD7-42A5-824F-A2E3E90AF284}
	EndGlobalSection
EndGlobal
